// !$*UTF8*$!
{
	archiveVersion = 1;
	classes = {
	};
	objectVersion = 46;
	objects = {

/* Begin PBXBuildFile section */
		86235F451BA94E3500A8517C /* main.m in Sources */ = {isa = PBXBuildFile; fileRef = 86235F441BA94E3500A8517C /* main.m */; };
		86235F481BA94E3500A8517C /* AppDelegate.m in Sources */ = {isa = PBXBuildFile; fileRef = 86235F471BA94E3500A8517C /* AppDelegate.m */; };
		86235F4B1BA94E3500A8517C /* ViewController.m in Sources */ = {isa = PBXBuildFile; fileRef = 86235F4A1BA94E3500A8517C /* ViewController.m */; };
		86235F501BA94E3500A8517C /* Images.xcassets in Resources */ = {isa = PBXBuildFile; fileRef = 86235F4F1BA94E3500A8517C /* Images.xcassets */; };
		86235F531BA94E3500A8517C /* LaunchScreen.xib in Resources */ = {isa = PBXBuildFile; fileRef = 86235F511BA94E3500A8517C /* LaunchScreen.xib */; };
		86235F5F1BA94E3500A8517C /* Indoor_LocalizationTests.m in Sources */ = {isa = PBXBuildFile; fileRef = 86235F5E1BA94E3500A8517C /* Indoor_LocalizationTests.m */; };
		86359DB41BB8E6720017A0E9 /* BeaconModel.m in Sources */ = {isa = PBXBuildFile; fileRef = 86359DB31BB8E6720017A0E9 /* BeaconModel.m */; settings = {ASSET_TAGS = (); }; };
		86997B4F1BB58F8A006FE3DA /* IndoorLocationViewController.m in Sources */ = {isa = PBXBuildFile; fileRef = 86997B4E1BB58F8A006FE3DA /* IndoorLocationViewController.m */; settings = {ASSET_TAGS = (); }; };
		86997B511BB58FA8006FE3DA /* IndoorLocation.storyboard in Resources */ = {isa = PBXBuildFile; fileRef = 86997B501BB58FA8006FE3DA /* IndoorLocation.storyboard */; settings = {ASSET_TAGS = (); }; };
		86997B531BB597B5006FE3DA /* Profile.storyboard in Resources */ = {isa = PBXBuildFile; fileRef = 86997B521BB597B5006FE3DA /* Profile.storyboard */; settings = {ASSET_TAGS = (); }; };
		86997B561BB597DB006FE3DA /* ProfileTableViewController.m in Sources */ = {isa = PBXBuildFile; fileRef = 86997B551BB597DB006FE3DA /* ProfileTableViewController.m */; settings = {ASSET_TAGS = (); }; };
		86997B591BB597FC006FE3DA /* ScanBeaconViewController.m in Sources */ = {isa = PBXBuildFile; fileRef = 86997B581BB597FC006FE3DA /* ScanBeaconViewController.m */; settings = {ASSET_TAGS = (); }; };
		86997B5B1BB59812006FE3DA /* ScanBeacon.storyboard in Resources */ = {isa = PBXBuildFile; fileRef = 86997B5A1BB59812006FE3DA /* ScanBeacon.storyboard */; settings = {ASSET_TAGS = (); }; };
		86997B5D1BB59831006FE3DA /* MapLocation.storyboard in Resources */ = {isa = PBXBuildFile; fileRef = 86997B5C1BB59831006FE3DA /* MapLocation.storyboard */; settings = {ASSET_TAGS = (); }; };
		86997B601BB59849006FE3DA /* MapLocationViewController.m in Sources */ = {isa = PBXBuildFile; fileRef = 86997B5F1BB59849006FE3DA /* MapLocationViewController.m */; settings = {ASSET_TAGS = (); }; };
		86997B621BB5995B006FE3DA /* MapKit.framework in Frameworks */ = {isa = PBXBuildFile; fileRef = 86997B611BB5995B006FE3DA /* MapKit.framework */; };
		86C52C111BBA7901005C8C9D /* libsqlite3.tbd in Frameworks */ = {isa = PBXBuildFile; fileRef = 86C52C101BBA7901005C8C9D /* libsqlite3.tbd */; };
		86C52C131BBA790C005C8C9D /* libsqlite3.0.tbd in Frameworks */ = {isa = PBXBuildFile; fileRef = 86C52C121BBA790C005C8C9D /* libsqlite3.0.tbd */; };
		86C78F141BBEA69A00DF1A6E /* ProfileTableHeadView.xib in Resources */ = {isa = PBXBuildFile; fileRef = 86C78F131BBEA69A00DF1A6E /* ProfileTableHeadView.xib */; settings = {ASSET_TAGS = (); }; };
		86C78F171BBEA6B800DF1A6E /* ProfileTableHeadView.m in Sources */ = {isa = PBXBuildFile; fileRef = 86C78F161BBEA6B800DF1A6E /* ProfileTableHeadView.m */; settings = {ASSET_TAGS = (); }; };
		86C78F191BBEB8CE00DF1A6E /* BeaconInfoCell.xib in Resources */ = {isa = PBXBuildFile; fileRef = 86C78F181BBEB8CE00DF1A6E /* BeaconInfoCell.xib */; settings = {ASSET_TAGS = (); }; };
		86C78F1C1BBEC12700DF1A6E /* BeaconInfoCell.m in Sources */ = {isa = PBXBuildFile; fileRef = 86C78F1B1BBEC12700DF1A6E /* BeaconInfoCell.m */; settings = {ASSET_TAGS = (); }; };
		86EEDB5F1BB92AAA007558BC /* BeaconTool.m in Sources */ = {isa = PBXBuildFile; fileRef = 86EEDB5E1BB92AAA007558BC /* BeaconTool.m */; settings = {ASSET_TAGS = (); }; };
		86EEDB621BB92B29007558BC /* RealPoint.m in Sources */ = {isa = PBXBuildFile; fileRef = 86EEDB611BB92B29007558BC /* RealPoint.m */; settings = {ASSET_TAGS = (); }; };
		86EEDB6F1BB97556007558BC /* FMDatabase.m in Sources */ = {isa = PBXBuildFile; fileRef = 86EEDB651BB97556007558BC /* FMDatabase.m */; settings = {ASSET_TAGS = (); }; };
		86EEDB701BB97556007558BC /* FMDatabaseAdditions.m in Sources */ = {isa = PBXBuildFile; fileRef = 86EEDB671BB97556007558BC /* FMDatabaseAdditions.m */; settings = {ASSET_TAGS = (); }; };
		86EEDB711BB97556007558BC /* FMDatabasePool.m in Sources */ = {isa = PBXBuildFile; fileRef = 86EEDB691BB97556007558BC /* FMDatabasePool.m */; settings = {ASSET_TAGS = (); }; };
		86EEDB721BB97556007558BC /* FMDatabaseQueue.m in Sources */ = {isa = PBXBuildFile; fileRef = 86EEDB6B1BB97556007558BC /* FMDatabaseQueue.m */; settings = {ASSET_TAGS = (); }; };
		86EEDB731BB97556007558BC /* FMResultSet.m in Sources */ = {isa = PBXBuildFile; fileRef = 86EEDB6E1BB97556007558BC /* FMResultSet.m */; settings = {ASSET_TAGS = (); }; };
		86EEDB761BB97602007558BC /* RealPointDataBase.m in Sources */ = {isa = PBXBuildFile; fileRef = 86EEDB751BB97602007558BC /* RealPointDataBase.m */; settings = {ASSET_TAGS = (); }; };
/* End PBXBuildFile section */

/* Begin PBXContainerItemProxy section */
		86235F591BA94E3500A8517C /* PBXContainerItemProxy */ = {
			isa = PBXContainerItemProxy;
			containerPortal = 86235F371BA94E3500A8517C /* Project object */;
			proxyType = 1;
			remoteGlobalIDString = 86235F3E1BA94E3500A8517C;
			remoteInfo = "Indoor Localization";
		};
/* End PBXContainerItemProxy section */

/* Begin PBXFileReference section */
		86235F3F1BA94E3500A8517C /* Indoor Localization.app */ = {isa = PBXFileReference; explicitFileType = wrapper.application; includeInIndex = 0; path = "Indoor Localization.app"; sourceTree = BUILT_PRODUCTS_DIR; };
		86235F431BA94E3500A8517C /* Info.plist */ = {isa = PBXFileReference; lastKnownFileType = text.plist.xml; path = Info.plist; sourceTree = "<group>"; };
		86235F441BA94E3500A8517C /* main.m */ = {isa = PBXFileReference; lastKnownFileType = sourcecode.c.objc; path = main.m; sourceTree = "<group>"; };
		86235F461BA94E3500A8517C /* AppDelegate.h */ = {isa = PBXFileReference; lastKnownFileType = sourcecode.c.h; path = AppDelegate.h; sourceTree = "<group>"; };
		86235F471BA94E3500A8517C /* AppDelegate.m */ = {isa = PBXFileReference; lastKnownFileType = sourcecode.c.objc; path = AppDelegate.m; sourceTree = "<group>"; };
		86235F491BA94E3500A8517C /* ViewController.h */ = {isa = PBXFileReference; lastKnownFileType = sourcecode.c.h; path = ViewController.h; sourceTree = "<group>"; };
		86235F4A1BA94E3500A8517C /* ViewController.m */ = {isa = PBXFileReference; lastKnownFileType = sourcecode.c.objc; path = ViewController.m; sourceTree = "<group>"; };
		86235F4F1BA94E3500A8517C /* Images.xcassets */ = {isa = PBXFileReference; lastKnownFileType = folder.assetcatalog; path = Images.xcassets; sourceTree = "<group>"; };
		86235F521BA94E3500A8517C /* Base */ = {isa = PBXFileReference; lastKnownFileType = file.xib; name = Base; path = Base.lproj/LaunchScreen.xib; sourceTree = "<group>"; };
		86235F581BA94E3500A8517C /* Indoor LocalizationTests.xctest */ = {isa = PBXFileReference; explicitFileType = wrapper.cfbundle; includeInIndex = 0; path = "Indoor LocalizationTests.xctest"; sourceTree = BUILT_PRODUCTS_DIR; };
		86235F5D1BA94E3500A8517C /* Info.plist */ = {isa = PBXFileReference; lastKnownFileType = text.plist.xml; path = Info.plist; sourceTree = "<group>"; };
		86235F5E1BA94E3500A8517C /* Indoor_LocalizationTests.m */ = {isa = PBXFileReference; lastKnownFileType = sourcecode.c.objc; path = Indoor_LocalizationTests.m; sourceTree = "<group>"; };
		86359DB21BB8E6720017A0E9 /* BeaconModel.h */ = {isa = PBXFileReference; fileEncoding = 4; lastKnownFileType = sourcecode.c.h; path = BeaconModel.h; sourceTree = "<group>"; };
		86359DB31BB8E6720017A0E9 /* BeaconModel.m */ = {isa = PBXFileReference; fileEncoding = 4; lastKnownFileType = sourcecode.c.objc; path = BeaconModel.m; sourceTree = "<group>"; };
		86997B4D1BB58F8A006FE3DA /* IndoorLocationViewController.h */ = {isa = PBXFileReference; fileEncoding = 4; lastKnownFileType = sourcecode.c.h; path = IndoorLocationViewController.h; sourceTree = "<group>"; };
		86997B4E1BB58F8A006FE3DA /* IndoorLocationViewController.m */ = {isa = PBXFileReference; fileEncoding = 4; lastKnownFileType = sourcecode.c.objc; path = IndoorLocationViewController.m; sourceTree = "<group>"; };
		86997B501BB58FA8006FE3DA /* IndoorLocation.storyboard */ = {isa = PBXFileReference; fileEncoding = 4; lastKnownFileType = file.storyboard; path = IndoorLocation.storyboard; sourceTree = "<group>"; };
		86997B521BB597B5006FE3DA /* Profile.storyboard */ = {isa = PBXFileReference; fileEncoding = 4; lastKnownFileType = file.storyboard; path = Profile.storyboard; sourceTree = "<group>"; };
		86997B541BB597DB006FE3DA /* ProfileTableViewController.h */ = {isa = PBXFileReference; fileEncoding = 4; lastKnownFileType = sourcecode.c.h; path = ProfileTableViewController.h; sourceTree = "<group>"; };
		86997B551BB597DB006FE3DA /* ProfileTableViewController.m */ = {isa = PBXFileReference; fileEncoding = 4; lastKnownFileType = sourcecode.c.objc; path = ProfileTableViewController.m; sourceTree = "<group>"; };
		86997B571BB597FC006FE3DA /* ScanBeaconViewController.h */ = {isa = PBXFileReference; fileEncoding = 4; lastKnownFileType = sourcecode.c.h; path = ScanBeaconViewController.h; sourceTree = "<group>"; };
		86997B581BB597FC006FE3DA /* ScanBeaconViewController.m */ = {isa = PBXFileReference; fileEncoding = 4; lastKnownFileType = sourcecode.c.objc; path = ScanBeaconViewController.m; sourceTree = "<group>"; };
		86997B5A1BB59812006FE3DA /* ScanBeacon.storyboard */ = {isa = PBXFileReference; fileEncoding = 4; lastKnownFileType = file.storyboard; path = ScanBeacon.storyboard; sourceTree = "<group>"; };
		86997B5C1BB59831006FE3DA /* MapLocation.storyboard */ = {isa = PBXFileReference; fileEncoding = 4; lastKnownFileType = file.storyboard; path = MapLocation.storyboard; sourceTree = "<group>"; };
		86997B5E1BB59849006FE3DA /* MapLocationViewController.h */ = {isa = PBXFileReference; fileEncoding = 4; lastKnownFileType = sourcecode.c.h; path = MapLocationViewController.h; sourceTree = "<group>"; };
		86997B5F1BB59849006FE3DA /* MapLocationViewController.m */ = {isa = PBXFileReference; fileEncoding = 4; lastKnownFileType = sourcecode.c.objc; path = MapLocationViewController.m; sourceTree = "<group>"; };
		86997B611BB5995B006FE3DA /* MapKit.framework */ = {isa = PBXFileReference; lastKnownFileType = wrapper.framework; name = MapKit.framework; path = System/Library/Frameworks/MapKit.framework; sourceTree = SDKROOT; };
		86C52C101BBA7901005C8C9D /* libsqlite3.tbd */ = {isa = PBXFileReference; lastKnownFileType = "sourcecode.text-based-dylib-definition"; name = libsqlite3.tbd; path = usr/lib/libsqlite3.tbd; sourceTree = SDKROOT; };
		86C52C121BBA790C005C8C9D /* libsqlite3.0.tbd */ = {isa = PBXFileReference; lastKnownFileType = "sourcecode.text-based-dylib-definition"; name = libsqlite3.0.tbd; path = usr/lib/libsqlite3.0.tbd; sourceTree = SDKROOT; };
		86C78F131BBEA69A00DF1A6E /* ProfileTableHeadView.xib */ = {isa = PBXFileReference; fileEncoding = 4; lastKnownFileType = file.xib; path = ProfileTableHeadView.xib; sourceTree = "<group>"; };
		86C78F151BBEA6B800DF1A6E /* ProfileTableHeadView.h */ = {isa = PBXFileReference; fileEncoding = 4; lastKnownFileType = sourcecode.c.h; path = ProfileTableHeadView.h; sourceTree = "<group>"; };
		86C78F161BBEA6B800DF1A6E /* ProfileTableHeadView.m */ = {isa = PBXFileReference; fileEncoding = 4; lastKnownFileType = sourcecode.c.objc; path = ProfileTableHeadView.m; sourceTree = "<group>"; };
		86C78F181BBEB8CE00DF1A6E /* BeaconInfoCell.xib */ = {isa = PBXFileReference; fileEncoding = 4; lastKnownFileType = file.xib; path = BeaconInfoCell.xib; sourceTree = "<group>"; };
		86C78F1A1BBEC12700DF1A6E /* BeaconInfoCell.h */ = {isa = PBXFileReference; fileEncoding = 4; lastKnownFileType = sourcecode.c.h; path = BeaconInfoCell.h; sourceTree = "<group>"; };
		86C78F1B1BBEC12700DF1A6E /* BeaconInfoCell.m */ = {isa = PBXFileReference; fileEncoding = 4; lastKnownFileType = sourcecode.c.objc; path = BeaconInfoCell.m; sourceTree = "<group>"; };
		86EEDB5D1BB92AAA007558BC /* BeaconTool.h */ = {isa = PBXFileReference; fileEncoding = 4; lastKnownFileType = sourcecode.c.h; path = BeaconTool.h; sourceTree = "<group>"; };
		86EEDB5E1BB92AAA007558BC /* BeaconTool.m */ = {isa = PBXFileReference; fileEncoding = 4; lastKnownFileType = sourcecode.c.objc; path = BeaconTool.m; sourceTree = "<group>"; };
		86EEDB601BB92B29007558BC /* RealPoint.h */ = {isa = PBXFileReference; fileEncoding = 4; lastKnownFileType = sourcecode.c.h; path = RealPoint.h; sourceTree = "<group>"; };
		86EEDB611BB92B29007558BC /* RealPoint.m */ = {isa = PBXFileReference; fileEncoding = 4; lastKnownFileType = sourcecode.c.objc; path = RealPoint.m; sourceTree = "<group>"; };
		86EEDB641BB97556007558BC /* FMDatabase.h */ = {isa = PBXFileReference; fileEncoding = 4; lastKnownFileType = sourcecode.c.h; path = FMDatabase.h; sourceTree = "<group>"; };
		86EEDB651BB97556007558BC /* FMDatabase.m */ = {isa = PBXFileReference; fileEncoding = 4; lastKnownFileType = sourcecode.c.objc; path = FMDatabase.m; sourceTree = "<group>"; };
		86EEDB661BB97556007558BC /* FMDatabaseAdditions.h */ = {isa = PBXFileReference; fileEncoding = 4; lastKnownFileType = sourcecode.c.h; path = FMDatabaseAdditions.h; sourceTree = "<group>"; };
		86EEDB671BB97556007558BC /* FMDatabaseAdditions.m */ = {isa = PBXFileReference; fileEncoding = 4; lastKnownFileType = sourcecode.c.objc; path = FMDatabaseAdditions.m; sourceTree = "<group>"; };
		86EEDB681BB97556007558BC /* FMDatabasePool.h */ = {isa = PBXFileReference; fileEncoding = 4; lastKnownFileType = sourcecode.c.h; path = FMDatabasePool.h; sourceTree = "<group>"; };
		86EEDB691BB97556007558BC /* FMDatabasePool.m */ = {isa = PBXFileReference; fileEncoding = 4; lastKnownFileType = sourcecode.c.objc; path = FMDatabasePool.m; sourceTree = "<group>"; };
		86EEDB6A1BB97556007558BC /* FMDatabaseQueue.h */ = {isa = PBXFileReference; fileEncoding = 4; lastKnownFileType = sourcecode.c.h; path = FMDatabaseQueue.h; sourceTree = "<group>"; };
		86EEDB6B1BB97556007558BC /* FMDatabaseQueue.m */ = {isa = PBXFileReference; fileEncoding = 4; lastKnownFileType = sourcecode.c.objc; path = FMDatabaseQueue.m; sourceTree = "<group>"; };
		86EEDB6C1BB97556007558BC /* FMDB.h */ = {isa = PBXFileReference; fileEncoding = 4; lastKnownFileType = sourcecode.c.h; path = FMDB.h; sourceTree = "<group>"; };
		86EEDB6D1BB97556007558BC /* FMResultSet.h */ = {isa = PBXFileReference; fileEncoding = 4; lastKnownFileType = sourcecode.c.h; path = FMResultSet.h; sourceTree = "<group>"; };
		86EEDB6E1BB97556007558BC /* FMResultSet.m */ = {isa = PBXFileReference; fileEncoding = 4; lastKnownFileType = sourcecode.c.objc; path = FMResultSet.m; sourceTree = "<group>"; };
		86EEDB741BB97602007558BC /* RealPointDataBase.h */ = {isa = PBXFileReference; fileEncoding = 4; lastKnownFileType = sourcecode.c.h; path = RealPointDataBase.h; sourceTree = "<group>"; };
		86EEDB751BB97602007558BC /* RealPointDataBase.m */ = {isa = PBXFileReference; fileEncoding = 4; lastKnownFileType = sourcecode.c.objc; path = RealPointDataBase.m; sourceTree = "<group>"; };
/* End PBXFileReference section */

/* Begin PBXFrameworksBuildPhase section */
		86235F3C1BA94E3500A8517C /* Frameworks */ = {
			isa = PBXFrameworksBuildPhase;
			buildActionMask = 2147483647;
			files = (
				86C52C131BBA790C005C8C9D /* libsqlite3.0.tbd in Frameworks */,
				86C52C111BBA7901005C8C9D /* libsqlite3.tbd in Frameworks */,
				86997B621BB5995B006FE3DA /* MapKit.framework in Frameworks */,
			);
			runOnlyForDeploymentPostprocessing = 0;
		};
		86235F551BA94E3500A8517C /* Frameworks */ = {
			isa = PBXFrameworksBuildPhase;
			buildActionMask = 2147483647;
			files = (
			);
			runOnlyForDeploymentPostprocessing = 0;
		};
/* End PBXFrameworksBuildPhase section */

/* Begin PBXGroup section */
		86235F361BA94E3500A8517C = {
			isa = PBXGroup;
			children = (
				86C52C121BBA790C005C8C9D /* libsqlite3.0.tbd */,
				86C52C101BBA7901005C8C9D /* libsqlite3.tbd */,
				86EEDB631BB97556007558BC /* fmdb */,
				86997B611BB5995B006FE3DA /* MapKit.framework */,
				86235F411BA94E3500A8517C /* Indoor Localization */,
				86235F5B1BA94E3500A8517C /* Indoor LocalizationTests */,
				86235F401BA94E3500A8517C /* Products */,
			);
			sourceTree = "<group>";
		};
		86235F401BA94E3500A8517C /* Products */ = {
			isa = PBXGroup;
			children = (
				86235F3F1BA94E3500A8517C /* Indoor Localization.app */,
				86235F581BA94E3500A8517C /* Indoor LocalizationTests.xctest */,
			);
			name = Products;
			sourceTree = "<group>";
		};
		86235F411BA94E3500A8517C /* Indoor Localization */ = {
			isa = PBXGroup;
			children = (
				86997B471BB588B3006FE3DA /* Classes */,
				86235F4F1BA94E3500A8517C /* Images.xcassets */,
				86235F511BA94E3500A8517C /* LaunchScreen.xib */,
				86235F421BA94E3500A8517C /* Supporting Files */,
			);
			path = "Indoor Localization";
			sourceTree = "<group>";
		};
		86235F421BA94E3500A8517C /* Supporting Files */ = {
			isa = PBXGroup;
			children = (
				86235F431BA94E3500A8517C /* Info.plist */,
				86235F441BA94E3500A8517C /* main.m */,
			);
			name = "Supporting Files";
			sourceTree = "<group>";
		};
		86235F5B1BA94E3500A8517C /* Indoor LocalizationTests */ = {
			isa = PBXGroup;
			children = (
				86235F5E1BA94E3500A8517C /* Indoor_LocalizationTests.m */,
				86235F5C1BA94E3500A8517C /* Supporting Files */,
			);
			path = "Indoor LocalizationTests";
			sourceTree = "<group>";
		};
		86235F5C1BA94E3500A8517C /* Supporting Files */ = {
			isa = PBXGroup;
			children = (
				86235F5D1BA94E3500A8517C /* Info.plist */,
			);
			name = "Supporting Files";
			sourceTree = "<group>";
		};
		86997B471BB588B3006FE3DA /* Classes */ = {
			isa = PBXGroup;
			children = (
				86997B4C1BB58C5D006FE3DA /* TabBar */,
				86997B4B1BB588E9006FE3DA /* Profile */,
				86997B4A1BB588DF006FE3DA /* IndoorLocation */,
				86997B491BB588D3006FE3DA /* ScanBeacon */,
				86997B481BB588C5006FE3DA /* MapLocation */,
			);
			name = Classes;
			sourceTree = "<group>";
		};
		86997B481BB588C5006FE3DA /* MapLocation */ = {
			isa = PBXGroup;
			children = (
				86997B5C1BB59831006FE3DA /* MapLocation.storyboard */,
				86997B5E1BB59849006FE3DA /* MapLocationViewController.h */,
				86997B5F1BB59849006FE3DA /* MapLocationViewController.m */,
			);
			name = MapLocation;
			sourceTree = "<group>";
		};
		86997B491BB588D3006FE3DA /* ScanBeacon */ = {
			isa = PBXGroup;
			children = (
				86359DB21BB8E6720017A0E9 /* BeaconModel.h */,
				86359DB31BB8E6720017A0E9 /* BeaconModel.m */,
				86997B571BB597FC006FE3DA /* ScanBeaconViewController.h */,
				86997B581BB597FC006FE3DA /* ScanBeaconViewController.m */,
				86997B5A1BB59812006FE3DA /* ScanBeacon.storyboard */,
			);
			name = ScanBeacon;
			sourceTree = "<group>";
		};
		86997B4A1BB588DF006FE3DA /* IndoorLocation */ = {
			isa = PBXGroup;
			children = (
				86EEDB5C1BB92992007558BC /* Models */,
				86997B4D1BB58F8A006FE3DA /* IndoorLocationViewController.h */,
				86997B4E1BB58F8A006FE3DA /* IndoorLocationViewController.m */,
				86997B501BB58FA8006FE3DA /* IndoorLocation.storyboard */,
			);
			name = IndoorLocation;
			sourceTree = "<group>";
		};
		86997B4B1BB588E9006FE3DA /* Profile */ = {
			isa = PBXGroup;
			children = (
				86FE8F201BBEEA9D00C3C041 /* Views */,
				86997B521BB597B5006FE3DA /* Profile.storyboard */,
				86997B541BB597DB006FE3DA /* ProfileTableViewController.h */,
				86997B551BB597DB006FE3DA /* ProfileTableViewController.m */,
			);
			name = Profile;
			sourceTree = "<group>";
		};
		86997B4C1BB58C5D006FE3DA /* TabBar */ = {
			isa = PBXGroup;
			children = (
				86235F461BA94E3500A8517C /* AppDelegate.h */,
				86235F471BA94E3500A8517C /* AppDelegate.m */,
				86235F491BA94E3500A8517C /* ViewController.h */,
				86235F4A1BA94E3500A8517C /* ViewController.m */,
			);
			name = TabBar;
			sourceTree = "<group>";
		};
		86EEDB5C1BB92992007558BC /* Models */ = {
			isa = PBXGroup;
			children = (
				86EEDB5D1BB92AAA007558BC /* BeaconTool.h */,
				86EEDB5E1BB92AAA007558BC /* BeaconTool.m */,
				86EEDB601BB92B29007558BC /* RealPoint.h */,
				86EEDB611BB92B29007558BC /* RealPoint.m */,
				86EEDB741BB97602007558BC /* RealPointDataBase.h */,
				86EEDB751BB97602007558BC /* RealPointDataBase.m */,
			);
			name = Models;
			sourceTree = "<group>";
		};
		86EEDB631BB97556007558BC /* fmdb */ = {
			isa = PBXGroup;
			children = (
				86EEDB641BB97556007558BC /* FMDatabase.h */,
				86EEDB651BB97556007558BC /* FMDatabase.m */,
				86EEDB661BB97556007558BC /* FMDatabaseAdditions.h */,
				86EEDB671BB97556007558BC /* FMDatabaseAdditions.m */,
				86EEDB681BB97556007558BC /* FMDatabasePool.h */,
				86EEDB691BB97556007558BC /* FMDatabasePool.m */,
				86EEDB6A1BB97556007558BC /* FMDatabaseQueue.h */,
				86EEDB6B1BB97556007558BC /* FMDatabaseQueue.m */,
				86EEDB6C1BB97556007558BC /* FMDB.h */,
				86EEDB6D1BB97556007558BC /* FMResultSet.h */,
				86EEDB6E1BB97556007558BC /* FMResultSet.m */,
			);
			path = fmdb;
			sourceTree = "<group>";
		};
		86FE8F201BBEEA9D00C3C041 /* Views */ = {
			isa = PBXGroup;
			children = (
				86C78F131BBEA69A00DF1A6E /* ProfileTableHeadView.xib */,
				86C78F151BBEA6B800DF1A6E /* ProfileTableHeadView.h */,
				86C78F161BBEA6B800DF1A6E /* ProfileTableHeadView.m */,
				86C78F181BBEB8CE00DF1A6E /* BeaconInfoCell.xib */,
				86C78F1A1BBEC12700DF1A6E /* BeaconInfoCell.h */,
				86C78F1B1BBEC12700DF1A6E /* BeaconInfoCell.m */,
			);
			name = Views;
			sourceTree = "<group>";
		};
/* End PBXGroup section */

/* Begin PBXNativeTarget section */
		86235F3E1BA94E3500A8517C /* Indoor Localization */ = {
			isa = PBXNativeTarget;
			buildConfigurationList = 86235F621BA94E3500A8517C /* Build configuration list for PBXNativeTarget "Indoor Localization" */;
			buildPhases = (
				86235F3B1BA94E3500A8517C /* Sources */,
				86235F3C1BA94E3500A8517C /* Frameworks */,
				86235F3D1BA94E3500A8517C /* Resources */,
			);
			buildRules = (
			);
			dependencies = (
			);
			name = "Indoor Localization";
			productName = "Indoor Localization";
			productReference = 86235F3F1BA94E3500A8517C /* Indoor Localization.app */;
			productType = "com.apple.product-type.application";
		};
		86235F571BA94E3500A8517C /* Indoor LocalizationTests */ = {
			isa = PBXNativeTarget;
			buildConfigurationList = 86235F651BA94E3500A8517C /* Build configuration list for PBXNativeTarget "Indoor LocalizationTests" */;
			buildPhases = (
				86235F541BA94E3500A8517C /* Sources */,
				86235F551BA94E3500A8517C /* Frameworks */,
				86235F561BA94E3500A8517C /* Resources */,
			);
			buildRules = (
			);
			dependencies = (
				86235F5A1BA94E3500A8517C /* PBXTargetDependency */,
			);
			name = "Indoor LocalizationTests";
			productName = "Indoor LocalizationTests";
			productReference = 86235F581BA94E3500A8517C /* Indoor LocalizationTests.xctest */;
			productType = "com.apple.product-type.bundle.unit-test";
		};
/* End PBXNativeTarget section */

/* Begin PBXProject section */
		86235F371BA94E3500A8517C /* Project object */ = {
			isa = PBXProject;
			attributes = {
				LastUpgradeCheck = 0700;
				ORGANIZATIONNAME = LIGAOZHAO;
				TargetAttributes = {
					86235F3E1BA94E3500A8517C = {
						CreatedOnToolsVersion = 6.4;
					};
					86235F571BA94E3500A8517C = {
						CreatedOnToolsVersion = 6.4;
						TestTargetID = 86235F3E1BA94E3500A8517C;
					};
				};
			};
			buildConfigurationList = 86235F3A1BA94E3500A8517C /* Build configuration list for PBXProject "Indoor Localization" */;
			compatibilityVersion = "Xcode 3.2";
			developmentRegion = English;
			hasScannedForEncodings = 0;
			knownRegions = (
				en,
				Base,
			);
			mainGroup = 86235F361BA94E3500A8517C;
			productRefGroup = 86235F401BA94E3500A8517C /* Products */;
			projectDirPath = "";
			projectRoot = "";
			targets = (
				86235F3E1BA94E3500A8517C /* Indoor Localization */,
				86235F571BA94E3500A8517C /* Indoor LocalizationTests */,
			);
		};
/* End PBXProject section */

/* Begin PBXResourcesBuildPhase section */
		86235F3D1BA94E3500A8517C /* Resources */ = {
			isa = PBXResourcesBuildPhase;
			buildActionMask = 2147483647;
			files = (
				86997B511BB58FA8006FE3DA /* IndoorLocation.storyboard in Resources */,
				86C78F141BBEA69A00DF1A6E /* ProfileTableHeadView.xib in Resources */,
				86997B5D1BB59831006FE3DA /* MapLocation.storyboard in Resources */,
				86997B531BB597B5006FE3DA /* Profile.storyboard in Resources */,
				86235F531BA94E3500A8517C /* LaunchScreen.xib in Resources */,
				86235F501BA94E3500A8517C /* Images.xcassets in Resources */,
				86997B5B1BB59812006FE3DA /* ScanBeacon.storyboard in Resources */,
				86C78F191BBEB8CE00DF1A6E /* BeaconInfoCell.xib in Resources */,
			);
			runOnlyForDeploymentPostprocessing = 0;
		};
		86235F561BA94E3500A8517C /* Resources */ = {
			isa = PBXResourcesBuildPhase;
			buildActionMask = 2147483647;
			files = (
			);
			runOnlyForDeploymentPostprocessing = 0;
		};
/* End PBXResourcesBuildPhase section */

/* Begin PBXSourcesBuildPhase section */
		86235F3B1BA94E3500A8517C /* Sources */ = {
			isa = PBXSourcesBuildPhase;
			buildActionMask = 2147483647;
			files = (
				86C78F171BBEA6B800DF1A6E /* ProfileTableHeadView.m in Sources */,
				86997B4F1BB58F8A006FE3DA /* IndoorLocationViewController.m in Sources */,
				86EEDB761BB97602007558BC /* RealPointDataBase.m in Sources */,
				86359DB41BB8E6720017A0E9 /* BeaconModel.m in Sources */,
				86EEDB711BB97556007558BC /* FMDatabasePool.m in Sources */,
				86EEDB721BB97556007558BC /* FMDatabaseQueue.m in Sources */,
				86EEDB5F1BB92AAA007558BC /* BeaconTool.m in Sources */,
				86997B591BB597FC006FE3DA /* ScanBeaconViewController.m in Sources */,
				86EEDB621BB92B29007558BC /* RealPoint.m in Sources */,
				86235F4B1BA94E3500A8517C /* ViewController.m in Sources */,
				86997B601BB59849006FE3DA /* MapLocationViewController.m in Sources */,
				86EEDB731BB97556007558BC /* FMResultSet.m in Sources */,
				86235F481BA94E3500A8517C /* AppDelegate.m in Sources */,
				86235F451BA94E3500A8517C /* main.m in Sources */,
				86EEDB6F1BB97556007558BC /* FMDatabase.m in Sources */,
				86997B561BB597DB006FE3DA /* ProfileTableViewController.m in Sources */,
				86EEDB701BB97556007558BC /* FMDatabaseAdditions.m in Sources */,
				86C78F1C1BBEC12700DF1A6E /* BeaconInfoCell.m in Sources */,
			);
			runOnlyForDeploymentPostprocessing = 0;
		};
		86235F541BA94E3500A8517C /* Sources */ = {
			isa = PBXSourcesBuildPhase;
			buildActionMask = 2147483647;
			files = (
				86235F5F1BA94E3500A8517C /* Indoor_LocalizationTests.m in Sources */,
			);
			runOnlyForDeploymentPostprocessing = 0;
		};
/* End PBXSourcesBuildPhase section */

/* Begin PBXTargetDependency section */
		86235F5A1BA94E3500A8517C /* PBXTargetDependency */ = {
			isa = PBXTargetDependency;
			target = 86235F3E1BA94E3500A8517C /* Indoor Localization */;
			targetProxy = 86235F591BA94E3500A8517C /* PBXContainerItemProxy */;
		};
/* End PBXTargetDependency section */

/* Begin PBXVariantGroup section */
		86235F511BA94E3500A8517C /* LaunchScreen.xib */ = {
			isa = PBXVariantGroup;
			children = (
				86235F521BA94E3500A8517C /* Base */,
			);
			name = LaunchScreen.xib;
			sourceTree = "<group>";
		};
/* End PBXVariantGroup section */

/* Begin XCBuildConfiguration section */
		86235F601BA94E3500A8517C /* Debug */ = {
			isa = XCBuildConfiguration;
			buildSettings = {
				ALWAYS_SEARCH_USER_PATHS = NO;
				CLANG_CXX_LANGUAGE_STANDARD = "gnu++0x";
				CLANG_CXX_LIBRARY = "libc++";
				CLANG_ENABLE_MODULES = YES;
				CLANG_ENABLE_OBJC_ARC = YES;
				CLANG_WARN_BOOL_CONVERSION = YES;
				CLANG_WARN_CONSTANT_CONVERSION = YES;
				CLANG_WARN_DIRECT_OBJC_ISA_USAGE = YES_ERROR;
				CLANG_WARN_EMPTY_BODY = YES;
				CLANG_WARN_ENUM_CONVERSION = YES;
				CLANG_WARN_INT_CONVERSION = YES;
				CLANG_WARN_OBJC_ROOT_CLASS = YES_ERROR;
				CLANG_WARN_UNREACHABLE_CODE = YES;
				CLANG_WARN__DUPLICATE_METHOD_MATCH = YES;
				"CODE_SIGN_IDENTITY[sdk=iphoneos*]" = "iPhone Developer";
				COPY_PHASE_STRIP = NO;
				DEBUG_INFORMATION_FORMAT = "dwarf-with-dsym";
				ENABLE_STRICT_OBJC_MSGSEND = YES;
				ENABLE_TESTABILITY = YES;
				GCC_C_LANGUAGE_STANDARD = gnu99;
				GCC_DYNAMIC_NO_PIC = NO;
				GCC_NO_COMMON_BLOCKS = YES;
				GCC_OPTIMIZATION_LEVEL = 0;
				GCC_PREPROCESSOR_DEFINITIONS = (
					"DEBUG=1",
					"$(inherited)",
				);
				GCC_SYMBOLS_PRIVATE_EXTERN = NO;
				GCC_WARN_64_TO_32_BIT_CONVERSION = YES;
				GCC_WARN_ABOUT_RETURN_TYPE = YES_ERROR;
				GCC_WARN_UNDECLARED_SELECTOR = YES;
				GCC_WARN_UNINITIALIZED_AUTOS = YES_AGGRESSIVE;
				GCC_WARN_UNUSED_FUNCTION = YES;
				GCC_WARN_UNUSED_VARIABLE = YES;
				IPHONEOS_DEPLOYMENT_TARGET = 8.4;
				MTL_ENABLE_DEBUG_INFO = YES;
				ONLY_ACTIVE_ARCH = YES;
				SDKROOT = iphoneos;
			};
			name = Debug;
		};
		86235F611BA94E3500A8517C /* Release */ = {
			isa = XCBuildConfiguration;
			buildSettings = {
				ALWAYS_SEARCH_USER_PATHS = NO;
				CLANG_CXX_LANGUAGE_STANDARD = "gnu++0x";
				CLANG_CXX_LIBRARY = "libc++";
				CLANG_ENABLE_MODULES = YES;
				CLANG_ENABLE_OBJC_ARC = YES;
				CLANG_WARN_BOOL_CONVERSION = YES;
				CLANG_WARN_CONSTANT_CONVERSION = YES;
				CLANG_WARN_DIRECT_OBJC_ISA_USAGE = YES_ERROR;
				CLANG_WARN_EMPTY_BODY = YES;
				CLANG_WARN_ENUM_CONVERSION = YES;
				CLANG_WARN_INT_CONVERSION = YES;
				CLANG_WARN_OBJC_ROOT_CLASS = YES_ERROR;
				CLANG_WARN_UNREACHABLE_CODE = YES;
				CLANG_WARN__DUPLICATE_METHOD_MATCH = YES;
				"CODE_SIGN_IDENTITY[sdk=iphoneos*]" = "iPhone Developer";
				COPY_PHASE_STRIP = NO;
				DEBUG_INFORMATION_FORMAT = "dwarf-with-dsym";
				ENABLE_NS_ASSERTIONS = NO;
				ENABLE_STRICT_OBJC_MSGSEND = YES;
				GCC_C_LANGUAGE_STANDARD = gnu99;
				GCC_NO_COMMON_BLOCKS = YES;
				GCC_WARN_64_TO_32_BIT_CONVERSION = YES;
				GCC_WARN_ABOUT_RETURN_TYPE = YES_ERROR;
				GCC_WARN_UNDECLARED_SELECTOR = YES;
				GCC_WARN_UNINITIALIZED_AUTOS = YES_AGGRESSIVE;
				GCC_WARN_UNUSED_FUNCTION = YES;
				GCC_WARN_UNUSED_VARIABLE = YES;
				IPHONEOS_DEPLOYMENT_TARGET = 8.4;
				MTL_ENABLE_DEBUG_INFO = NO;
				SDKROOT = iphoneos;
				VALIDATE_PRODUCT = YES;
			};
			name = Release;
		};
		86235F631BA94E3500A8517C /* Debug */ = {
			isa = XCBuildConfiguration;
			buildSettings = {
				ASSETCATALOG_COMPILER_APPICON_NAME = AppIcon;
				FRAMEWORK_SEARCH_PATHS = (
					"$(inherited)",
					"$(PROJECT_DIR)/Frameworks",
				);
				INFOPLIST_FILE = "Indoor Localization/Info.plist";
				LD_RUNPATH_SEARCH_PATHS = "$(inherited) @executable_path/Frameworks";
				OTHER_LDFLAGS = "-ObjC";
				PRODUCT_BUNDLE_IDENTIFIER = "com.lgz.$(PRODUCT_NAME:rfc1034identifier)";
				PRODUCT_NAME = "$(TARGET_NAME)";
			};
			name = Debug;
		};
		86235F641BA94E3500A8517C /* Release */ = {
			isa = XCBuildConfiguration;
			buildSettings = {
				ASSETCATALOG_COMPILER_APPICON_NAME = AppIcon;
				FRAMEWORK_SEARCH_PATHS = (
					"$(inherited)",
					"$(PROJECT_DIR)/Frameworks",
				);
				INFOPLIST_FILE = "Indoor Localization/Info.plist";
				LD_RUNPATH_SEARCH_PATHS = "$(inherited) @executable_path/Frameworks";
				OTHER_LDFLAGS = "-ObjC";
				PRODUCT_BUNDLE_IDENTIFIER = "com.lgz.$(PRODUCT_NAME:rfc1034identifier)";
				PRODUCT_NAME = "$(TARGET_NAME)";
			};
			name = Release;
		};
		86235F661BA94E3500A8517C /* Debug */ = {
			isa = XCBuildConfiguration;
			buildSettings = {
				BUNDLE_LOADER = "$(TEST_HOST)";
				FRAMEWORK_SEARCH_PATHS = (
					"$(SDKROOT)/Developer/Library/Frameworks",
					"$(inherited)",
				);
				GCC_PREPROCESSOR_DEFINITIONS = (
					"DEBUG=1",
					"$(inherited)",
				);
				INFOPLIST_FILE = "Indoor LocalizationTests/Info.plist";
				LD_RUNPATH_SEARCH_PATHS = "$(inherited) @executable_path/Frameworks @loader_path/Frameworks";
				PRODUCT_BUNDLE_IDENTIFIER = "com.lgz.$(PRODUCT_NAME:rfc1034identifier)";
				PRODUCT_NAME = "$(TARGET_NAME)";
				TEST_HOST = "$(BUILT_PRODUCTS_DIR)/Indoor Localization.app/Indoor Localization";
			};
			name = Debug;
		};
		86235F671BA94E3500A8517C /* Release */ = {
			isa = XCBuildConfiguration;
			buildSettings = {
				BUNDLE_LOADER = "$(TEST_HOST)";
				FRAMEWORK_SEARCH_PATHS = (
					"$(SDKROOT)/Developer/Library/Frameworks",
					"$(inherited)",
				);
				INFOPLIST_FILE = "Indoor LocalizationTests/Info.plist";
				LD_RUNPATH_SEARCH_PATHS = "$(inherited) @executable_path/Frameworks @loader_path/Frameworks";
				PRODUCT_BUNDLE_IDENTIFIER = "com.lgz.$(PRODUCT_NAME:rfc1034identifier)";
				PRODUCT_NAME = "$(TARGET_NAME)";
				TEST_HOST = "$(BUILT_PRODUCTS_DIR)/Indoor Localization.app/Indoor Localization";
			};
			name = Release;
		};
/* End XCBuildConfiguration section */

/* Begin XCConfigurationList section */
		86235F3A1BA94E3500A8517C /* Build configuration list for PBXProject "Indoor Localization" */ = {
			isa = XCConfigurationList;
			buildConfigurations = (
				86235F601BA94E3500A8517C /* Debug */,
				86235F611BA94E3500A8517C /* Release */,
			);
			defaultConfigurationIsVisible = 0;
			defaultConfigurationName = Release;
		};
		86235F621BA94E3500A8517C /* Build configuration list for PBXNativeTarget "Indoor Localization" */ = {
			isa = XCConfigurationList;
			buildConfigurations = (
				86235F631BA94E3500A8517C /* Debug */,
				86235F641BA94E3500A8517C /* Release */,
			);
			defaultConfigurationIsVisible = 0;
			defaultConfigurationName = Release;
		};
		86235F651BA94E3500A8517C /* Build configuration list for PBXNativeTarget "Indoor LocalizationTests" */ = {
			isa = XCConfigurationList;
			buildConfigurations = (
				86235F661BA94E3500A8517C /* Debug */,
				86235F671BA94E3500A8517C /* Release */,
			);
			defaultConfigurationIsVisible = 0;
			defaultConfigurationName = Release;
		};
/* End XCConfigurationList section */
	};
	rootObject = 86235F371BA94E3500A8517C /* Project object */;
}
